
Microsoft Visual Studio Solution File, Format Version 12.00
# Visual Studio Version 17
VisualStudioVersion = 17.2.32630.192
MinimumVisualStudioVersion = 10.0.40219.1
Project("{FAE04EC0-301F-11D3-BF4B-00C04F79EFBC}") = "CodeReview_StringCompression", "CodeReview_StringCompression\CodeReview_StringCompression.csproj", "{B0A9FF1F-58ED-4EDC-8FF5-61514A46BC83}"
EndProject
Project("{FAE04EC0-301F-11D3-BF4B-00C04F79EFBC}") = "TestProject", "TestProject\TestProject.csproj", "{0B2BFF09-187E-496E-95F3-95A4EF40B0E7}"
EndProject
Global
	GlobalSection(SolutionConfigurationPlatforms) = preSolution
		Debug|Any CPU = Debug|Any CPU
		Release|Any CPU = Release|Any CPU
	EndGlobalSection
	GlobalSection(ProjectConfigurationPlatforms) = postSolution
		{B0A9FF1F-58ED-4EDC-8FF5-61514A46BC83}.Debug|Any CPU.ActiveCfg = Debug|Any CPU
		{B0A9FF1F-58ED-4EDC-8FF5-61514A46BC83}.Debug|Any CPU.Build.0 = Debug|Any CPU
		{B0A9FF1F-58ED-4EDC-8FF5-61514A46BC83}.Release|Any CPU.ActiveCfg = Release|Any CPU
		{B0A9FF1F-58ED-4EDC-8FF5-61514A46BC83}.Release|Any CPU.Build.0 = Release|Any CPU
		{0B2BFF09-187E-496E-95F3-95A4EF40B0E7}.Debug|Any CPU.ActiveCfg = Debug|Any CPU
		{0B2BFF09-187E-496E-95F3-95A4EF40B0E7}.Debug|Any CPU.Build.0 = Debug|Any CPU
		{0B2BFF09-187E-496E-95F3-95A4EF40B0E7}.Release|Any CPU.ActiveCfg = Release|Any CPU
		{0B2BFF09-187E-496E-95F3-95A4EF40B0E7}.Release|Any CPU.Build.0 = Release|Any CPU
	EndGlobalSection
	GlobalSection(SolutionProperties) = preSolution
		HideSolutionNode = FALSE
	EndGlobalSection
	GlobalSection(ExtensibilityGlobals) = postSolution
		SolutionGuid = {FABE0D33-471F-466D-A272-983892A57011}
	EndGlobalSection
EndGlobal
